
Microsoft Visual Studio Solution File, Format Version 12.00
# Visual Studio Version 17
VisualStudioVersion = 17.14.36202.13
MinimumVisualStudioVersion = 10.0.40219.1
Project("{FAE04EC0-301F-11D3-BF4B-00C04F79EFBC}") = "Task1", "Hw\Task1.csproj", "{FE6FEA2B-C677-44FF-A787-DB86CEBDD12B}"
EndProject
Project("{FAE04EC0-301F-11D3-BF4B-00C04F79EFBC}") = "Task2", "Task2\Task2.csproj", "{23662334-2417-46E1-8861-28F47F9C7B0A}"
EndProject
Project("{FAE04EC0-301F-11D3-BF4B-00C04F79EFBC}") = "Task3", "Task3\Task3.csproj", "{97C02397-C3A9-4918-95A9-B9AFF8727ABF}"
EndProject
Project("{FAE04EC0-301F-11D3-BF4B-00C04F79EFBC}") = "Task4", "Task4\Task4.csproj", "{1D2ABB5D-FF1A-4EBD-866C-BFFC8AECE376}"
EndProject
Project("{FAE04EC0-301F-11D3-BF4B-00C04F79EFBC}") = "Task5", "Task5\Task5.csproj", "{826D5FC5-BE35-4D91-A327-861BB7DD243E}"
EndProject
Project("{FAE04EC0-301F-11D3-BF4B-00C04F79EFBC}") = "Task6", "Task6\Task6.csproj", "{FFE28975-8AC5-456C-9463-67BC6D8B1A76}"
EndProject
Project("{FAE04EC0-301F-11D3-BF4B-00C04F79EFBC}") = "Task7", "Task7\Task7.csproj", "{AB1618B3-F378-4433-8C5A-6123FE318C79}"
EndProject
Global
	GlobalSection(SolutionConfigurationPlatforms) = preSolution
		Debug|Any CPU = Debug|Any CPU
		Release|Any CPU = Release|Any CPU
	EndGlobalSection
	GlobalSection(ProjectConfigurationPlatforms) = postSolution
		{FE6FEA2B-C677-44FF-A787-DB86CEBDD12B}.Debug|Any CPU.ActiveCfg = Debug|Any CPU
		{FE6FEA2B-C677-44FF-A787-DB86CEBDD12B}.Debug|Any CPU.Build.0 = Debug|Any CPU
		{FE6FEA2B-C677-44FF-A787-DB86CEBDD12B}.Release|Any CPU.ActiveCfg = Release|Any CPU
		{FE6FEA2B-C677-44FF-A787-DB86CEBDD12B}.Release|Any CPU.Build.0 = Release|Any CPU
		{23662334-2417-46E1-8861-28F47F9C7B0A}.Debug|Any CPU.ActiveCfg = Debug|Any CPU
		{23662334-2417-46E1-8861-28F47F9C7B0A}.Debug|Any CPU.Build.0 = Debug|Any CPU
		{23662334-2417-46E1-8861-28F47F9C7B0A}.Release|Any CPU.ActiveCfg = Release|Any CPU
		{23662334-2417-46E1-8861-28F47F9C7B0A}.Release|Any CPU.Build.0 = Release|Any CPU
		{97C02397-C3A9-4918-95A9-B9AFF8727ABF}.Debug|Any CPU.ActiveCfg = Debug|Any CPU
		{97C02397-C3A9-4918-95A9-B9AFF8727ABF}.Debug|Any CPU.Build.0 = Debug|Any CPU
		{97C02397-C3A9-4918-95A9-B9AFF8727ABF}.Release|Any CPU.ActiveCfg = Release|Any CPU
		{97C02397-C3A9-4918-95A9-B9AFF8727ABF}.Release|Any CPU.Build.0 = Release|Any CPU
		{1D2ABB5D-FF1A-4EBD-866C-BFFC8AECE376}.Debug|Any CPU.ActiveCfg = Debug|Any CPU
		{1D2ABB5D-FF1A-4EBD-866C-BFFC8AECE376}.Debug|Any CPU.Build.0 = Debug|Any CPU
		{1D2ABB5D-FF1A-4EBD-866C-BFFC8AECE376}.Release|Any CPU.ActiveCfg = Release|Any CPU
		{1D2ABB5D-FF1A-4EBD-866C-BFFC8AECE376}.Release|Any CPU.Build.0 = Release|Any CPU
		{826D5FC5-BE35-4D91-A327-861BB7DD243E}.Debug|Any CPU.ActiveCfg = Debug|Any CPU
		{826D5FC5-BE35-4D91-A327-861BB7DD243E}.Debug|Any CPU.Build.0 = Debug|Any CPU
		{826D5FC5-BE35-4D91-A327-861BB7DD243E}.Release|Any CPU.ActiveCfg = Release|Any CPU
		{826D5FC5-BE35-4D91-A327-861BB7DD243E}.Release|Any CPU.Build.0 = Release|Any CPU
		{FFE28975-8AC5-456C-9463-67BC6D8B1A76}.Debug|Any CPU.ActiveCfg = Debug|Any CPU
		{FFE28975-8AC5-456C-9463-67BC6D8B1A76}.Debug|Any CPU.Build.0 = Debug|Any CPU
		{FFE28975-8AC5-456C-9463-67BC6D8B1A76}.Release|Any CPU.ActiveCfg = Release|Any CPU
		{FFE28975-8AC5-456C-9463-67BC6D8B1A76}.Release|Any CPU.Build.0 = Release|Any CPU
		{AB1618B3-F378-4433-8C5A-6123FE318C79}.Debug|Any CPU.ActiveCfg = Debug|Any CPU
		{AB1618B3-F378-4433-8C5A-6123FE318C79}.Debug|Any CPU.Build.0 = Debug|Any CPU
		{AB1618B3-F378-4433-8C5A-6123FE318C79}.Release|Any CPU.ActiveCfg = Release|Any CPU
		{AB1618B3-F378-4433-8C5A-6123FE318C79}.Release|Any CPU.Build.0 = Release|Any CPU
	EndGlobalSection
	GlobalSection(SolutionProperties) = preSolution
		HideSolutionNode = FALSE
	EndGlobalSection
	GlobalSection(ExtensibilityGlobals) = postSolution
		SolutionGuid = {0A1045F8-F478-4DC8-AFC6-9524A3785BCA}
	EndGlobalSection
EndGlobal
